
Microsoft Visual Studio Solution File, Format Version 12.00
# Visual Studio 15
VisualStudioVersion = 15.0.28307.271
MinimumVisualStudioVersion = 10.0.40219.1
Project("{8BC9CEB8-8B4A-11D0-8D11-00A0C91BC942}") = "POLYMORPHISM", "POLYMORPHISM\POLYMORPHISM.vcxproj", "{73AB89B7-E961-4FAD-85C8-F5A66FB104EA}"
EndProject
Global
	GlobalSection(SolutionConfigurationPlatforms) = preSolution
		Debug|x64 = Debug|x64
		Debug|x86 = Debug|x86
		Release|x64 = Release|x64
		Release|x86 = Release|x86
	EndGlobalSection
	GlobalSection(ProjectConfigurationPlatforms) = postSolution
		{73AB89B7-E961-4FAD-85C8-F5A66FB104EA}.Debug|x64.ActiveCfg = Debug|x64
		{73AB89B7-E961-4FAD-85C8-F5A66FB104EA}.Debug|x64.Build.0 = Debug|x64
		{73AB89B7-E961-4FAD-85C8-F5A66FB104EA}.Debug|x86.ActiveCfg = Debug|Win32
		{73AB89B7-E961-4FAD-85C8-F5A66FB104EA}.Debug|x86.Build.0 = Debug|Win32
		{73AB89B7-E961-4FAD-85C8-F5A66FB104EA}.Release|x64.ActiveCfg = Release|x64
		{73AB89B7-E961-4FAD-85C8-F5A66FB104EA}.Release|x64.Build.0 = Release|x64
		{73AB89B7-E961-4FAD-85C8-F5A66FB104EA}.Release|x86.ActiveCfg = Release|Win32
		{73AB89B7-E961-4FAD-85C8-F5A66FB104EA}.Release|x86.Build.0 = Release|Win32
	EndGlobalSection
	GlobalSection(SolutionProperties) = preSolution
		HideSolutionNode = FALSE
	EndGlobalSection
	GlobalSection(ExtensibilityGlobals) = postSolution
		SolutionGuid = {A4A1F1B3-898F-401A-B612-44562D6F7BA4}
	EndGlobalSection
EndGlobal
