
Microsoft Visual Studio Solution File, Format Version 12.00
# Visual Studio 15
VisualStudioVersion = 15.0.28307.271
MinimumVisualStudioVersion = 10.0.40219.1
Project("{8BC9CEB8-8B4A-11D0-8D11-00A0C91BC942}") = "NAMESPACE_TANIMLAMA", "NAMESPACE_TANIMLAMA\NAMESPACE_TANIMLAMA.vcxproj", "{52BA4B47-8814-4FCE-92DB-FADD32B080E4}"
EndProject
Global
	GlobalSection(SolutionConfigurationPlatforms) = preSolution
		Debug|x64 = Debug|x64
		Debug|x86 = Debug|x86
		Release|x64 = Release|x64
		Release|x86 = Release|x86
	EndGlobalSection
	GlobalSection(ProjectConfigurationPlatforms) = postSolution
		{52BA4B47-8814-4FCE-92DB-FADD32B080E4}.Debug|x64.ActiveCfg = Debug|x64
		{52BA4B47-8814-4FCE-92DB-FADD32B080E4}.Debug|x64.Build.0 = Debug|x64
		{52BA4B47-8814-4FCE-92DB-FADD32B080E4}.Debug|x86.ActiveCfg = Debug|Win32
		{52BA4B47-8814-4FCE-92DB-FADD32B080E4}.Debug|x86.Build.0 = Debug|Win32
		{52BA4B47-8814-4FCE-92DB-FADD32B080E4}.Release|x64.ActiveCfg = Release|x64
		{52BA4B47-8814-4FCE-92DB-FADD32B080E4}.Release|x64.Build.0 = Release|x64
		{52BA4B47-8814-4FCE-92DB-FADD32B080E4}.Release|x86.ActiveCfg = Release|Win32
		{52BA4B47-8814-4FCE-92DB-FADD32B080E4}.Release|x86.Build.0 = Release|Win32
	EndGlobalSection
	GlobalSection(SolutionProperties) = preSolution
		HideSolutionNode = FALSE
	EndGlobalSection
	GlobalSection(ExtensibilityGlobals) = postSolution
		SolutionGuid = {BDEF0D0B-C009-4D38-A5E9-3B7D8B692659}
	EndGlobalSection
EndGlobal
